// !$*UTF8*$!
{
	archiveVersion = 1;
	classes = {
	};
	objectVersion = 55;
	objects = {

/* Begin PBXBuildFile section */
		0B6FF55328A10FE200DFD078 /* AppDelegate.swift in Sources */ = {isa = PBXBuildFile; fileRef = 0B6FF55228A10FE200DFD078 /* AppDelegate.swift */; };
		0B6FF55528A10FE200DFD078 /* SceneDelegate.swift in Sources */ = {isa = PBXBuildFile; fileRef = 0B6FF55428A10FE200DFD078 /* SceneDelegate.swift */; };
		0B6FF55728A10FE200DFD078 /* ViewController.swift in Sources */ = {isa = PBXBuildFile; fileRef = 0B6FF55628A10FE200DFD078 /* ViewController.swift */; };
		0B6FF55A28A10FE200DFD078 /* Main.storyboard in Resources */ = {isa = PBXBuildFile; fileRef = 0B6FF55828A10FE200DFD078 /* Main.storyboard */; };
		0B6FF55C28A10FE500DFD078 /* Assets.xcassets in Resources */ = {isa = PBXBuildFile; fileRef = 0B6FF55B28A10FE500DFD078 /* Assets.xcassets */; };
		0B6FF55F28A10FE500DFD078 /* LaunchScreen.storyboard in Resources */ = {isa = PBXBuildFile; fileRef = 0B6FF55D28A10FE500DFD078 /* LaunchScreen.storyboard */; };
		0B6FF56A28A10FE500DFD078 /* DiceAppTests.swift in Sources */ = {isa = PBXBuildFile; fileRef = 0B6FF56928A10FE500DFD078 /* DiceAppTests.swift */; };
		0B6FF57428A10FE500DFD078 /* DiceAppUITests.swift in Sources */ = {isa = PBXBuildFile; fileRef = 0B6FF57328A10FE500DFD078 /* DiceAppUITests.swift */; };
		0B6FF57628A10FE500DFD078 /* DiceAppUITestsLaunchTests.swift in Sources */ = {isa = PBXBuildFile; fileRef = 0B6FF57528A10FE500DFD078 /* DiceAppUITestsLaunchTests.swift */; };
/* End PBXBuildFile section */

/* Begin PBXContainerItemProxy section */
		0B6FF56628A10FE500DFD078 /* PBXContainerItemProxy */ = {
			isa = PBXContainerItemProxy;
			containerPortal = 0B6FF54728A10FE200DFD078 /* Project object */;
			proxyType = 1;
			remoteGlobalIDString = 0B6FF54E28A10FE200DFD078;
			remoteInfo = DiceApp;
		};
		0B6FF57028A10FE500DFD078 /* PBXContainerItemProxy */ = {
			isa = PBXContainerItemProxy;
			containerPortal = 0B6FF54728A10FE200DFD078 /* Project object */;
			proxyType = 1;
			remoteGlobalIDString = 0B6FF54E28A10FE200DFD078;
			remoteInfo = DiceApp;
		};
/* End PBXContainerItemProxy section */

/* Begin PBXFileReference section */
		0B6FF54F28A10FE200DFD078 /* DiceApp.app */ = {isa = PBXFileReference; explicitFileType = wrapper.application; includeInIndex = 0; path = DiceApp.app; sourceTree = BUILT_PRODUCTS_DIR; };
		0B6FF55228A10FE200DFD078 /* AppDelegate.swift */ = {isa = PBXFileReference; lastKnownFileType = sourcecode.swift; path = AppDelegate.swift; sourceTree = "<group>"; };
		0B6FF55428A10FE200DFD078 /* SceneDelegate.swift */ = {isa = PBXFileReference; lastKnownFileType = sourcecode.swift; path = SceneDelegate.swift; sourceTree = "<group>"; };
		0B6FF55628A10FE200DFD078 /* ViewController.swift */ = {isa = PBXFileReference; lastKnownFileType = sourcecode.swift; path = ViewController.swift; sourceTree = "<group>"; };
		0B6FF55928A10FE200DFD078 /* Base */ = {isa = PBXFileReference; lastKnownFileType = file.storyboard; name = Base; path = Base.lproj/Main.storyboard; sourceTree = "<group>"; };
		0B6FF55B28A10FE500DFD078 /* Assets.xcassets */ = {isa = PBXFileReference; lastKnownFileType = folder.assetcatalog; path = Assets.xcassets; sourceTree = "<group>"; };
		0B6FF55E28A10FE500DFD078 /* Base */ = {isa = PBXFileReference; lastKnownFileType = file.storyboard; name = Base; path = Base.lproj/LaunchScreen.storyboard; sourceTree = "<group>"; };
		0B6FF56028A10FE500DFD078 /* Info.plist */ = {isa = PBXFileReference; lastKnownFileType = text.plist.xml; path = Info.plist; sourceTree = "<group>"; };
		0B6FF56528A10FE500DFD078 /* DiceAppTests.xctest */ = {isa = PBXFileReference; explicitFileType = wrapper.cfbundle; includeInIndex = 0; path = DiceAppTests.xctest; sourceTree = BUILT_PRODUCTS_DIR; };
		0B6FF56928A10FE500DFD078 /* DiceAppTests.swift */ = {isa = PBXFileReference; lastKnownFileType = sourcecode.swift; path = DiceAppTests.swift; sourceTree = "<group>"; };
		0B6FF56F28A10FE500DFD078 /* DiceAppUITests.xctest */ = {isa = PBXFileReference; explicitFileType = wrapper.cfbundle; includeInIndex = 0; path = DiceAppUITests.xctest; sourceTree = BUILT_PRODUCTS_DIR; };
		0B6FF57328A10FE500DFD078 /* DiceAppUITests.swift */ = {isa = PBXFileReference; lastKnownFileType = sourcecode.swift; path = DiceAppUITests.swift; sourceTree = "<group>"; };
		0B6FF57528A10FE500DFD078 /* DiceAppUITestsLaunchTests.swift */ = {isa = PBXFileReference; lastKnownFileType = sourcecode.swift; path = DiceAppUITestsLaunchTests.swift; sourceTree = "<group>"; };
/* End PBXFileReference section */

/* Begin PBXFrameworksBuildPhase section */
		0B6FF54C28A10FE200DFD078 /* Frameworks */ = {
			isa = PBXFrameworksBuildPhase;
			buildActionMask = 2147483647;
			files = (
			);
			runOnlyForDeploymentPostprocessing = 0;
		};
		0B6FF56228A10FE500DFD078 /* Frameworks */ = {
			isa = PBXFrameworksBuildPhase;
			buildActionMask = 2147483647;
			files = (
			);
			runOnlyForDeploymentPostprocessing = 0;
		};
		0B6FF56C28A10FE500DFD078 /* Frameworks */ = {
			isa = PBXFrameworksBuildPhase;
			buildActionMask = 2147483647;
			files = (
			);
			runOnlyForDeploymentPostprocessing = 0;
		};
/* End PBXFrameworksBuildPhase section */

/* Begin PBXGroup section */
		0B6FF54628A10FE200DFD078 = {
			isa = PBXGroup;
			children = (
				0B6FF55128A10FE200DFD078 /* DiceApp */,
				0B6FF56828A10FE500DFD078 /* DiceAppTests */,
				0B6FF57228A10FE500DFD078 /* DiceAppUITests */,
				0B6FF55028A10FE200DFD078 /* Products */,
			);
			sourceTree = "<group>";
		};
		0B6FF55028A10FE200DFD078 /* Products */ = {
			isa = PBXGroup;
			children = (
				0B6FF54F28A10FE200DFD078 /* DiceApp.app */,
				0B6FF56528A10FE500DFD078 /* DiceAppTests.xctest */,
				0B6FF56F28A10FE500DFD078 /* DiceAppUITests.xctest */,
			);
			name = Products;
			sourceTree = "<group>";
		};
		0B6FF55128A10FE200DFD078 /* DiceApp */ = {
			isa = PBXGroup;
			children = (
				0B6FF55228A10FE200DFD078 /* AppDelegate.swift */,
				0B6FF55428A10FE200DFD078 /* SceneDelegate.swift */,
				0B6FF55628A10FE200DFD078 /* ViewController.swift */,
				0B6FF55828A10FE200DFD078 /* Main.storyboard */,
				0B6FF55B28A10FE500DFD078 /* Assets.xcassets */,
				0B6FF55D28A10FE500DFD078 /* LaunchScreen.storyboard */,
				0B6FF56028A10FE500DFD078 /* Info.plist */,
			);
			path = DiceApp;
			sourceTree = "<group>";
		};
		0B6FF56828A10FE500DFD078 /* DiceAppTests */ = {
			isa = PBXGroup;
			children = (
				0B6FF56928A10FE500DFD078 /* DiceAppTests.swift */,
			);
			path = DiceAppTests;
			sourceTree = "<group>";
		};
		0B6FF57228A10FE500DFD078 /* DiceAppUITests */ = {
			isa = PBXGroup;
			children = (
				0B6FF57328A10FE500DFD078 /* DiceAppUITests.swift */,
				0B6FF57528A10FE500DFD078 /* DiceAppUITestsLaunchTests.swift */,
			);
			path = DiceAppUITests;
			sourceTree = "<group>";
		};
/* End PBXGroup section */

/* Begin PBXNativeTarget section */
		0B6FF54E28A10FE200DFD078 /* DiceApp */ = {
			isa = PBXNativeTarget;
			buildConfigurationList = 0B6FF57928A10FE500DFD078 /* Build configuration list for PBXNativeTarget "DiceApp" */;
			buildPhases = (
				0B6FF54B28A10FE200DFD078 /* Sources */,
				0B6FF54C28A10FE200DFD078 /* Frameworks */,
				0B6FF54D28A10FE200DFD078 /* Resources */,
			);
			buildRules = (
			);
			dependencies = (
			);
			name = DiceApp;
			productName = DiceApp;
			productReference = 0B6FF54F28A10FE200DFD078 /* DiceApp.app */;
			productType = "com.apple.product-type.application";
		};
		0B6FF56428A10FE500DFD078 /* DiceAppTests */ = {
			isa = PBXNativeTarget;
			buildConfigurationList = 0B6FF57C28A10FE500DFD078 /* Build configuration list for PBXNativeTarget "DiceAppTests" */;
			buildPhases = (
				0B6FF56128A10FE500DFD078 /* Sources */,
				0B6FF56228A10FE500DFD078 /* Frameworks */,
				0B6FF56328A10FE500DFD078 /* Resources */,
			);
			buildRules = (
			);
			dependencies = (
				0B6FF56728A10FE500DFD078 /* PBXTargetDependency */,
			);
			name = DiceAppTests;
			productName = DiceAppTests;
			productReference = 0B6FF56528A10FE500DFD078 /* DiceAppTests.xctest */;
			productType = "com.apple.product-type.bundle.unit-test";
		};
		0B6FF56E28A10FE500DFD078 /* DiceAppUITests */ = {
			isa = PBXNativeTarget;
			buildConfigurationList = 0B6FF57F28A10FE500DFD078 /* Build configuration list for PBXNativeTarget "DiceAppUITests" */;
			buildPhases = (
				0B6FF56B28A10FE500DFD078 /* Sources */,
				0B6FF56C28A10FE500DFD078 /* Frameworks */,
				0B6FF56D28A10FE500DFD078 /* Resources */,
			);
			buildRules = (
			);
			dependencies = (
				0B6FF57128A10FE500DFD078 /* PBXTargetDependency */,
			);
			name = DiceAppUITests;
			productName = DiceAppUITests;
			productReference = 0B6FF56F28A10FE500DFD078 /* DiceAppUITests.xctest */;
			productType = "com.apple.product-type.bundle.ui-testing";
		};
/* End PBXNativeTarget section */

/* Begin PBXProject section */
		0B6FF54728A10FE200DFD078 /* Project object */ = {
			isa = PBXProject;
			attributes = {
				BuildIndependentTargetsInParallel = 1;
				LastSwiftUpdateCheck = 1340;
				LastUpgradeCheck = 1340;
				TargetAttributes = {
					0B6FF54E28A10FE200DFD078 = {
						CreatedOnToolsVersion = 13.4.1;
					};
					0B6FF56428A10FE500DFD078 = {
						CreatedOnToolsVersion = 13.4.1;
						TestTargetID = 0B6FF54E28A10FE200DFD078;
					};
					0B6FF56E28A10FE500DFD078 = {
						CreatedOnToolsVersion = 13.4.1;
						TestTargetID = 0B6FF54E28A10FE200DFD078;
					};
				};
			};
			buildConfigurationList = 0B6FF54A28A10FE200DFD078 /* Build configuration list for PBXProject "DiceApp" */;
			compatibilityVersion = "Xcode 13.0";
			developmentRegion = en;
			hasScannedForEncodings = 0;
			knownRegions = (
				en,
				Base,
			);
			mainGroup = 0B6FF54628A10FE200DFD078;
			productRefGroup = 0B6FF55028A10FE200DFD078 /* Products */;
			projectDirPath = "";
			projectRoot = "";
			targets = (
				0B6FF54E28A10FE200DFD078 /* DiceApp */,
				0B6FF56428A10FE500DFD078 /* DiceAppTests */,
				0B6FF56E28A10FE500DFD078 /* DiceAppUITests */,
			);
		};
/* End PBXProject section */

/* Begin PBXResourcesBuildPhase section */
		0B6FF54D28A10FE200DFD078 /* Resources */ = {
			isa = PBXResourcesBuildPhase;
			buildActionMask = 2147483647;
			files = (
				0B6FF55F28A10FE500DFD078 /* LaunchScreen.storyboard in Resources */,
				0B6FF55C28A10FE500DFD078 /* Assets.xcassets in Resources */,
				0B6FF55A28A10FE200DFD078 /* Main.storyboard in Resources */,
			);
			runOnlyForDeploymentPostprocessing = 0;
		};
		0B6FF56328A10FE500DFD078 /* Resources */ = {
			isa = PBXResourcesBuildPhase;
			buildActionMask = 2147483647;
			files = (
			);
			runOnlyForDeploymentPostprocessing = 0;
		};
		0B6FF56D28A10FE500DFD078 /* Resources */ = {
			isa = PBXResourcesBuildPhase;
			buildActionMask = 2147483647;
			files = (
			);
			runOnlyForDeploymentPostprocessing = 0;
		};
/* End PBXResourcesBuildPhase section */

/* Begin PBXSourcesBuildPhase section */
		0B6FF54B28A10FE200DFD078 /* Sources */ = {
			isa = PBXSourcesBuildPhase;
			buildActionMask = 2147483647;
			files = (
				0B6FF55728A10FE200DFD078 /* ViewController.swift in Sources */,
				0B6FF55328A10FE200DFD078 /* AppDelegate.swift in Sources */,
				0B6FF55528A10FE200DFD078 /* SceneDelegate.swift in Sources */,
			);
			runOnlyForDeploymentPostprocessing = 0;
		};
		0B6FF56128A10FE500DFD078 /* Sources */ = {
			isa = PBXSourcesBuildPhase;
			buildActionMask = 2147483647;
			files = (
				0B6FF56A28A10FE500DFD078 /* DiceAppTests.swift in Sources */,
			);
			runOnlyForDeploymentPostprocessing = 0;
		};
		0B6FF56B28A10FE500DFD078 /* Sources */ = {
			isa = PBXSourcesBuildPhase;
			buildActionMask = 2147483647;
			files = (
				0B6FF57428A10FE500DFD078 /* DiceAppUITests.swift in Sources */,
				0B6FF57628A10FE500DFD078 /* DiceAppUITestsLaunchTests.swift in Sources */,
			);
			runOnlyForDeploymentPostprocessing = 0;
		};
/* End PBXSourcesBuildPhase section */

/* Begin PBXTargetDependency section */
		0B6FF56728A10FE500DFD078 /* PBXTargetDependency */ = {
			isa = PBXTargetDependency;
			target = 0B6FF54E28A10FE200DFD078 /* DiceApp */;
			targetProxy = 0B6FF56628A10FE500DFD078 /* PBXContainerItemProxy */;
		};
		0B6FF57128A10FE500DFD078 /* PBXTargetDependency */ = {
			isa = PBXTargetDependency;
			target = 0B6FF54E28A10FE200DFD078 /* DiceApp */;
			targetProxy = 0B6FF57028A10FE500DFD078 /* PBXContainerItemProxy */;
		};
/* End PBXTargetDependency section */

/* Begin PBXVariantGroup section */
		0B6FF55828A10FE200DFD078 /* Main.storyboard */ = {
			isa = PBXVariantGroup;
			children = (
				0B6FF55928A10FE200DFD078 /* Base */,
			);
			name = Main.storyboard;
			sourceTree = "<group>";
		};
		0B6FF55D28A10FE500DFD078 /* LaunchScreen.storyboard */ = {
			isa = PBXVariantGroup;
			children = (
				0B6FF55E28A10FE500DFD078 /* Base */,
			);
			name = LaunchScreen.storyboard;
			sourceTree = "<group>";
		};
/* End PBXVariantGroup section */

/* Begin XCBuildConfiguration section */
		0B6FF57728A10FE500DFD078 /* Debug */ = {
			isa = XCBuildConfiguration;
			buildSettings = {
				ALWAYS_SEARCH_USER_PATHS = NO;
				CLANG_ANALYZER_NONNULL = YES;
				CLANG_ANALYZER_NUMBER_OBJECT_CONVERSION = YES_AGGRESSIVE;
				CLANG_CXX_LANGUAGE_STANDARD = "gnu++17";
				CLANG_ENABLE_MODULES = YES;
				CLANG_ENABLE_OBJC_ARC = YES;
				CLANG_ENABLE_OBJC_WEAK = YES;
				CLANG_WARN_BLOCK_CAPTURE_AUTORELEASING = YES;
				CLANG_WARN_BOOL_CONVERSION = YES;
				CLANG_WARN_COMMA = YES;
				CLANG_WARN_CONSTANT_CONVERSION = YES;
				CLANG_WARN_DEPRECATED_OBJC_IMPLEMENTATIONS = YES;
				CLANG_WARN_DIRECT_OBJC_ISA_USAGE = YES_ERROR;
				CLANG_WARN_DOCUMENTATION_COMMENTS = YES;
				CLANG_WARN_EMPTY_BODY = YES;
				CLANG_WARN_ENUM_CONVERSION = YES;
				CLANG_WARN_INFINITE_RECURSION = YES;
				CLANG_WARN_INT_CONVERSION = YES;
				CLANG_WARN_NON_LITERAL_NULL_CONVERSION = YES;
				CLANG_WARN_OBJC_IMPLICIT_RETAIN_SELF = YES;
				CLANG_WARN_OBJC_LITERAL_CONVERSION = YES;
				CLANG_WARN_OBJC_ROOT_CLASS = YES_ERROR;
				CLANG_WARN_QUOTED_INCLUDE_IN_FRAMEWORK_HEADER = YES;
				CLANG_WARN_RANGE_LOOP_ANALYSIS = YES;
				CLANG_WARN_STRICT_PROTOTYPES = YES;
				CLANG_WARN_SUSPICIOUS_MOVE = YES;
				CLANG_WARN_UNGUARDED_AVAILABILITY = YES_AGGRESSIVE;
				CLANG_WARN_UNREACHABLE_CODE = YES;
				CLANG_WARN__DUPLICATE_METHOD_MATCH = YES;
				COPY_PHASE_STRIP = NO;
				DEBUG_INFORMATION_FORMAT = dwarf;
				ENABLE_STRICT_OBJC_MSGSEND = YES;
				ENABLE_TESTABILITY = YES;
				GCC_C_LANGUAGE_STANDARD = gnu11;
				GCC_DYNAMIC_NO_PIC = NO;
				GCC_NO_COMMON_BLOCKS = YES;
				GCC_OPTIMIZATION_LEVEL = 0;
				GCC_PREPROCESSOR_DEFINITIONS = (
					"DEBUG=1",
					"$(inherited)",
				);
				GCC_WARN_64_TO_32_BIT_CONVERSION = YES;
				GCC_WARN_ABOUT_RETURN_TYPE = YES_ERROR;
				GCC_WARN_UNDECLARED_SELECTOR = YES;
				GCC_WARN_UNINITIALIZED_AUTOS = YES_AGGRESSIVE;
				GCC_WARN_UNUSED_FUNCTION = YES;
				GCC_WARN_UNUSED_VARIABLE = YES;
				IPHONEOS_DEPLOYMENT_TARGET = 15.5;
				MTL_ENABLE_DEBUG_INFO = INCLUDE_SOURCE;
				MTL_FAST_MATH = YES;
				ONLY_ACTIVE_ARCH = YES;
				SDKROOT = iphoneos;
				SWIFT_ACTIVE_COMPILATION_CONDITIONS = DEBUG;
				SWIFT_OPTIMIZATION_LEVEL = "-Onone";
			};
			name = Debug;
		};
		0B6FF57828A10FE500DFD078 /* Release */ = {
			isa = XCBuildConfiguration;
			buildSettings = {
				ALWAYS_SEARCH_USER_PATHS = NO;
				CLANG_ANALYZER_NONNULL = YES;
				CLANG_ANALYZER_NUMBER_OBJECT_CONVERSION = YES_AGGRESSIVE;
				CLANG_CXX_LANGUAGE_STANDARD = "gnu++17";
				CLANG_ENABLE_MODULES = YES;
				CLANG_ENABLE_OBJC_ARC = YES;
				CLANG_ENABLE_OBJC_WEAK = YES;
				CLANG_WARN_BLOCK_CAPTURE_AUTORELEASING = YES;
				CLANG_WARN_BOOL_CONVERSION = YES;
				CLANG_WARN_COMMA = YES;
				CLANG_WARN_CONSTANT_CONVERSION = YES;
				CLANG_WARN_DEPRECATED_OBJC_IMPLEMENTATIONS = YES;
				CLANG_WARN_DIRECT_OBJC_ISA_USAGE = YES_ERROR;
				CLANG_WARN_DOCUMENTATION_COMMENTS = YES;
				CLANG_WARN_EMPTY_BODY = YES;
				CLANG_WARN_ENUM_CONVERSION = YES;
				CLANG_WARN_INFINITE_RECURSION = YES;
				CLANG_WARN_INT_CONVERSION = YES;
				CLANG_WARN_NON_LITERAL_NULL_CONVERSION = YES;
				CLANG_WARN_OBJC_IMPLICIT_RETAIN_SELF = YES;
				CLANG_WARN_OBJC_LITERAL_CONVERSION = YES;
				CLANG_WARN_OBJC_ROOT_CLASS = YES_ERROR;
				CLANG_WARN_QUOTED_INCLUDE_IN_FRAMEWORK_HEADER = YES;
				CLANG_WARN_RANGE_LOOP_ANALYSIS = YES;
				CLANG_WARN_STRICT_PROTOTYPES = YES;
				CLANG_WARN_SUSPICIOUS_MOVE = YES;
				CLANG_WARN_UNGUARDED_AVAILABILITY = YES_AGGRESSIVE;
				CLANG_WARN_UNREACHABLE_CODE = YES;
				CLANG_WARN__DUPLICATE_METHOD_MATCH = YES;
				COPY_PHASE_STRIP = NO;
				DEBUG_INFORMATION_FORMAT = "dwarf-with-dsym";
				ENABLE_NS_ASSERTIONS = NO;
				ENABLE_STRICT_OBJC_MSGSEND = YES;
				GCC_C_LANGUAGE_STANDARD = gnu11;
				GCC_NO_COMMON_BLOCKS = YES;
				GCC_WARN_64_TO_32_BIT_CONVERSION = YES;
				GCC_WARN_ABOUT_RETURN_TYPE = YES_ERROR;
				GCC_WARN_UNDECLARED_SELECTOR = YES;
				GCC_WARN_UNINITIALIZED_AUTOS = YES_AGGRESSIVE;
				GCC_WARN_UNUSED_FUNCTION = YES;
				GCC_WARN_UNUSED_VARIABLE = YES;
				IPHONEOS_DEPLOYMENT_TARGET = 15.5;
				MTL_ENABLE_DEBUG_INFO = NO;
				MTL_FAST_MATH = YES;
				SDKROOT = iphoneos;
				SWIFT_COMPILATION_MODE = wholemodule;
				SWIFT_OPTIMIZATION_LEVEL = "-O";
				VALIDATE_PRODUCT = YES;
			};
			name = Release;
		};
		0B6FF57A28A10FE500DFD078 /* Debug */ = {
			isa = XCBuildConfiguration;
			buildSettings = {
				ASSETCATALOG_COMPILER_APPICON_NAME = AppIcon;
				ASSETCATALOG_COMPILER_GLOBAL_ACCENT_COLOR_NAME = AccentColor;
				CODE_SIGN_STYLE = Automatic;
				CURRENT_PROJECT_VERSION = 1;
				GENERATE_INFOPLIST_FILE = YES;
				INFOPLIST_FILE = DiceApp/Info.plist;
				INFOPLIST_KEY_UIApplicationSupportsIndirectInputEvents = YES;
				INFOPLIST_KEY_UILaunchStoryboardName = LaunchScreen;
				INFOPLIST_KEY_UIMainStoryboardFile = Main;
				INFOPLIST_KEY_UISupportedInterfaceOrientations_iPad = "UIInterfaceOrientationPortrait UIInterfaceOrientationPortraitUpsideDown UIInterfaceOrientationLandscapeLeft UIInterfaceOrientationLandscapeRight";
				INFOPLIST_KEY_UISupportedInterfaceOrientations_iPhone = "UIInterfaceOrientationPortrait UIInterfaceOrientationLandscapeLeft UIInterfaceOrientationLandscapeRight";
				LD_RUNPATH_SEARCH_PATHS = (
					"$(inherited)",
					"@executable_path/Frameworks",
				);
				MARKETING_VERSION = 1.0;
				PRODUCT_BUNDLE_IDENTIFIER = com.tanmayd.DiceApp;
				PRODUCT_NAME = "$(TARGET_NAME)";
				SWIFT_EMIT_LOC_STRINGS = YES;
				SWIFT_VERSION = 5.0;
				TARGETED_DEVICE_FAMILY = "1,2";
			};
			name = Debug;
		};
		0B6FF57B28A10FE500DFD078 /* Release */ = {
			isa = XCBuildConfiguration;
			buildSettings = {
				ASSETCATALOG_COMPILER_APPICON_NAME = AppIcon;
				ASSETCATALOG_COMPILER_GLOBAL_ACCENT_COLOR_NAME = AccentColor;
				CODE_SIGN_STYLE = Automatic;
				CURRENT_PROJECT_VERSION = 1;
				GENERATE_INFOPLIST_FILE = YES;
				INFOPLIST_FILE = DiceApp/Info.plist;
				INFOPLIST_KEY_UIApplicationSupportsIndirectInputEvents = YES;
				INFOPLIST_KEY_UILaunchStoryboardName = LaunchScreen;
				INFOPLIST_KEY_UIMainStoryboardFile = Main;
				INFOPLIST_KEY_UISupportedInterfaceOrientations_iPad = "UIInterfaceOrientationPortrait UIInterfaceOrientationPortraitUpsideDown UIInterfaceOrientationLandscapeLeft UIInterfaceOrientationLandscapeRight";
				INFOPLIST_KEY_UISupportedInterfaceOrientations_iPhone = "UIInterfaceOrientationPortrait UIInterfaceOrientationLandscapeLeft UIInterfaceOrientationLandscapeRight";
				LD_RUNPATH_SEARCH_PATHS = (
					"$(inherited)",
					"@executable_path/Frameworks",
				);
				MARKETING_VERSION = 1.0;
				PRODUCT_BUNDLE_IDENTIFIER = com.tanmayd.DiceApp;
				PRODUCT_NAME = "$(TARGET_NAME)";
				SWIFT_EMIT_LOC_STRINGS = YES;
				SWIFT_VERSION = 5.0;
				TARGETED_DEVICE_FAMILY = "1,2";
			};
			name = Release;
		};
		0B6FF57D28A10FE500DFD078 /* Debug */ = {
			isa = XCBuildConfiguration;
			buildSettings = {
				ALWAYS_EMBED_SWIFT_STANDARD_LIBRARIES = YES;
				BUNDLE_LOADER = "$(TEST_HOST)";
				CODE_SIGN_STYLE = Automatic;
				CURRENT_PROJECT_VERSION = 1;
				GENERATE_INFOPLIST_FILE = YES;
				IPHONEOS_DEPLOYMENT_TARGET = 15.5;
				MARKETING_VERSION = 1.0;
				PRODUCT_BUNDLE_IDENTIFIER = com.tanmayd.DiceAppTests;
				PRODUCT_NAME = "$(TARGET_NAME)";
				SWIFT_EMIT_LOC_STRINGS = NO;
				SWIFT_VERSION = 5.0;
				TARGETED_DEVICE_FAMILY = "1,2";
				TEST_HOST = "$(BUILT_PRODUCTS_DIR)/DiceApp.app/DiceApp";
			};
			name = Debug;
		};
		0B6FF57E28A10FE500DFD078 /* Release */ = {
			isa = XCBuildConfiguration;
			buildSettings = {
				ALWAYS_EMBED_SWIFT_STANDARD_LIBRARIES = YES;
				BUNDLE_LOADER = "$(TEST_HOST)";
				CODE_SIGN_STYLE = Automatic;
				CURRENT_PROJECT_VERSION = 1;
				GENERATE_INFOPLIST_FILE = YES;
				IPHONEOS_DEPLOYMENT_TARGET = 15.5;
				MARKETING_VERSION = 1.0;
				PRODUCT_BUNDLE_IDENTIFIER = com.tanmayd.DiceAppTests;
				PRODUCT_NAME = "$(TARGET_NAME)";
				SWIFT_EMIT_LOC_STRINGS = NO;
				SWIFT_VERSION = 5.0;
				TARGETED_DEVICE_FAMILY = "1,2";
				TEST_HOST = "$(BUILT_PRODUCTS_DIR)/DiceApp.app/DiceApp";
			};
			name = Release;
		};
		0B6FF58028A10FE500DFD078 /* Debug */ = {
			isa = XCBuildConfiguration;
			buildSettings = {
				ALWAYS_EMBED_SWIFT_STANDARD_LIBRARIES = YES;
				CODE_SIGN_STYLE = Automatic;
				CURRENT_PROJECT_VERSION = 1;
				GENERATE_INFOPLIST_FILE = YES;
				MARKETING_VERSION = 1.0;
				PRODUCT_BUNDLE_IDENTIFIER = com.tanmayd.DiceAppUITests;
				PRODUCT_NAME = "$(TARGET_NAME)";
				SWIFT_EMIT_LOC_STRINGS = NO;
				SWIFT_VERSION = 5.0;
				TARGETED_DEVICE_FAMILY = "1,2";
				TEST_TARGET_NAME = DiceApp;
			};
			name = Debug;
		};
		0B6FF58128A10FE500DFD078 /* Release */ = {
			isa = XCBuildConfiguration;
			buildSettings = {
				ALWAYS_EMBED_SWIFT_STANDARD_LIBRARIES = YES;
				CODE_SIGN_STYLE = Automatic;
				CURRENT_PROJECT_VERSION = 1;
				GENERATE_INFOPLIST_FILE = YES;
				MARKETING_VERSION = 1.0;
				PRODUCT_BUNDLE_IDENTIFIER = com.tanmayd.DiceAppUITests;
				PRODUCT_NAME = "$(TARGET_NAME)";
				SWIFT_EMIT_LOC_STRINGS = NO;
				SWIFT_VERSION = 5.0;
				TARGETED_DEVICE_FAMILY = "1,2";
				TEST_TARGET_NAME = DiceApp;
			};
			name = Release;
		};
/* End XCBuildConfiguration section */

/* Begin XCConfigurationList section */
		0B6FF54A28A10FE200DFD078 /* Build configuration list for PBXProject "DiceApp" */ = {
			isa = XCConfigurationList;
			buildConfigurations = (
				0B6FF57728A10FE500DFD078 /* Debug */,
				0B6FF57828A10FE500DFD078 /* Release */,
			);
			defaultConfigurationIsVisible = 0;
			defaultConfigurationName = Release;
		};
		0B6FF57928A10FE500DFD078 /* Build configuration list for PBXNativeTarget "DiceApp" */ = {
			isa = XCConfigurationList;
			buildConfigurations = (
				0B6FF57A28A10FE500DFD078 /* Debug */,
				0B6FF57B28A10FE500DFD078 /* Release */,
			);
			defaultConfigurationIsVisible = 0;
			defaultConfigurationName = Release;
		};
		0B6FF57C28A10FE500DFD078 /* Build configuration list for PBXNativeTarget "DiceAppTests" */ = {
			isa = XCConfigurationList;
			buildConfigurations = (
				0B6FF57D28A10FE500DFD078 /* Debug */,
				0B6FF57E28A10FE500DFD078 /* Release */,
			);
			defaultConfigurationIsVisible = 0;
			defaultConfigurationName = Release;
		};
		0B6FF57F28A10FE500DFD078 /* Build configuration list for PBXNativeTarget "DiceAppUITests" */ = {
			isa = XCConfigurationList;
			buildConfigurations = (
				0B6FF58028A10FE500DFD078 /* Debug */,
				0B6FF58128A10FE500DFD078 /* Release */,
			);
			defaultConfigurationIsVisible = 0;
			defaultConfigurationName = Release;
		};
/* End XCConfigurationList section */
	};
	rootObject = 0B6FF54728A10FE200DFD078 /* Project object */;
}
